{
  "name": "pteroly",
  "version": "1.7.7",
  "lockfileVersion": 2,
  "requires": true,
  "packages": {
    "": {
      "name": "pteroly",
      "version": "1.7.7",
      "license": "MIT",
      "dependencies": {
        "@types/node": "^17.0.21",
        "axios": "^0.26.1",
        "follow-redirects": "^1.14.9",
        "fs": "^0.0.1-security",
        "typescript": "^4.6.2",
        "ws": "^8.5.0"
      },
      "funding": {
        "url": "https://paypal.me/PureNodes"
      }
    },
    "node_modules/@types/node": {
      "version": "17.0.21",
      "resolved": "https://registry.npmjs.org/@types/node/-/node-17.0.21.tgz",
      "integrity": "sha512-DBZCJbhII3r90XbQxI8Y9IjjiiOGlZ0Hr32omXIZvwwZ7p4DMMXGrKXVyPfuoBOri9XNtL0UK69jYIBIsRX3QQ=="
    },
    "node_modules/axios": {
      "version": "0.26.1",
      "resolved": "https://registry.npmjs.org/axios/-/axios-0.26.1.tgz",
      "integrity": "sha512-fPwcX4EvnSHuInCMItEhAGnaSEXRBjtzh9fOtsE6E1G6p7vl7edEeZe11QHf18+6+9gR5PbKV/sGKNaD8YaMeA==",
      "dependencies": {
        "follow-redirects": "^1.14.8"
      }
    },
    "node_modules/follow-redirects": {
      "version": "1.14.9",
      "resolved": "https://registry.npmjs.org/follow-redirects/-/follow-redirects-1.14.9.tgz",
      "integrity": "sha512-MQDfihBQYMcyy5dhRDJUHcw7lb2Pv/TuE6xP1vyraLukNDHKbDxDNaOE3NbCAdKQApno+GPRyo1YAp89yCjK4w==",
      "funding": [
        {
          "type": "individual",
          "url": "https://github.com/sponsors/RubenVerborgh"
        }
      ],
      "engines": {
        "node": ">=4.0"
      },
      "peerDependenciesMeta": {
        "debug": {
          "optional": true
        }
      }
    },
    "node_modules/fs": {
      "version": "0.0.1-security",
      "resolved": "https://registry.npmjs.org/fs/-/fs-0.0.1-security.tgz",
      "integrity": "sha1-invTcYa23d84E/I4WLV+yq9eQdQ="
    },
    "node_modules/typescript": {
      "version": "4.6.2",
      "resolved": "https://registry.npmjs.org/typescript/-/typescript-4.6.2.tgz",
      "integrity": "sha512-HM/hFigTBHZhLXshn9sN37H085+hQGeJHJ/X7LpBWLID/fbc2acUMfU+lGD98X81sKP+pFa9f0DZmCwB9GnbAg==",
      "bin": {
        "tsc": "bin/tsc",
        "tsserver": "bin/tsserver"
      },
      "engines": {
        "node": ">=4.2.0"
      }
    },
    "node_modules/ws": {
      "version": "8.5.0",
      "resolved": "https://registry.npmjs.org/ws/-/ws-8.5.0.tgz",
      "integrity": "sha512-BWX0SWVgLPzYwF8lTzEy1egjhS4S4OEAHfsO8o65WOVsrnSRGaSiUaa9e0ggGlkMTtBlmOpEXiie9RUcBO86qg==",
      "engines": {
        "node": ">=10.0.0"
      },
      "peerDependencies": {
        "bufferutil": "^4.0.1",
        "utf-8-validate": "^5.0.2"
      },
      "peerDependenciesMeta": {
        "bufferutil": {
          "optional": true
        },
        "utf-8-validate": {
          "optional": true
        }
      }
    }
  },
  "dependencies": {
    "@types/node": {
      "version": "17.0.21",
      "resolved": "https://registry.npmjs.org/@types/node/-/node-17.0.21.tgz",
      "integrity": "sha512-DBZCJbhII3r90XbQxI8Y9IjjiiOGlZ0Hr32omXIZvwwZ7p4DMMXGrKXVyPfuoBOri9XNtL0UK69jYIBIsRX3QQ=="
    },
    "axios": {
      "version": "0.26.1",
      "resolved": "https://registry.npmjs.org/axios/-/axios-0.26.1.tgz",
      "integrity": "sha512-fPwcX4EvnSHuInCMItEhAGnaSEXRBjtzh9fOtsE6E1G6p7vl7edEeZe11QHf18+6+9gR5PbKV/sGKNaD8YaMeA==",
      "requires": {
        "follow-redirects": "^1.14.8"
      }
    },
    "follow-redirects": {
      "version": "1.14.9",
      "resolved": "https://registry.npmjs.org/follow-redirects/-/follow-redirects-1.14.9.tgz",
      "integrity": "sha512-MQDfihBQYMcyy5dhRDJUHcw7lb2Pv/TuE6xP1vyraLukNDHKbDxDNaOE3NbCAdKQApno+GPRyo1YAp89yCjK4w=="
    },
    "fs": {
      "version": "0.0.1-security",
      "resolved": "https://registry.npmjs.org/fs/-/fs-0.0.1-security.tgz",
      "integrity": "sha1-invTcYa23d84E/I4WLV+yq9eQdQ="
    },
    "typescript": {
      "version": "4.6.2",
      "resolved": "https://registry.npmjs.org/typescript/-/typescript-4.6.2.tgz",
      "integrity": "sha512-HM/hFigTBHZhLXshn9sN37H085+hQGeJHJ/X7LpBWLID/fbc2acUMfU+lGD98X81sKP+pFa9f0DZmCwB9GnbAg=="
    },
    "ws": {
      "version": "8.5.0",
      "resolved": "https://registry.npmjs.org/ws/-/ws-8.5.0.tgz",
      "integrity": "sha512-BWX0SWVgLPzYwF8lTzEy1egjhS4S4OEAHfsO8o65WOVsrnSRGaSiUaa9e0ggGlkMTtBlmOpEXiie9RUcBO86qg==",
      "requires": {}
    }
  }
}
